
Microsoft Visual Studio Solution File, Format Version 12.00
# Visual Studio 15
VisualStudioVersion = 15.0.28307.1401
MinimumVisualStudioVersion = 10.0.40219.1
Project("{9A19103F-16F7-4668-BE54-9A1E7A4F7556}") = "ConsoleApp1", "ConsoleApp1\ConsoleApp1.csproj", "{9880557E-8869-4018-98E4-932D2294C312}"
EndProject
Global
	GlobalSection(SolutionConfigurationPlatforms) = preSolution
		Debug|Any CPU = Debug|Any CPU
		Release|Any CPU = Release|Any CPU
	EndGlobalSection
	GlobalSection(ProjectConfigurationPlatforms) = postSolution
		{9880557E-8869-4018-98E4-932D2294C312}.Debug|Any CPU.ActiveCfg = Debug|Any CPU
		{9880557E-8869-4018-98E4-932D2294C312}.Debug|Any CPU.Build.0 = Debug|Any CPU
		{9880557E-8869-4018-98E4-932D2294C312}.Release|Any CPU.ActiveCfg = Release|Any CPU
		{9880557E-8869-4018-98E4-932D2294C312}.Release|Any CPU.Build.0 = Release|Any CPU
	EndGlobalSection
	GlobalSection(SolutionProperties) = preSolution
		HideSolutionNode = FALSE
	EndGlobalSection
	GlobalSection(ExtensibilityGlobals) = postSolution
		SolutionGuid = {2960E109-28DB-4A1F-9315-80206633AE29}
	EndGlobalSection
EndGlobal
